
Microsoft Visual Studio Solution File, Format Version 12.00
# Visual Studio Version 17
VisualStudioVersion = 17.6.33815.320
MinimumVisualStudioVersion = 10.0.40219.1
Project("{9A19103F-16F7-4668-BE54-9A1E7A4F7556}") = "CSPWeek", "TwoPlusTwo\CSPWeek.csproj", "{6917D364-94EE-40A5-BEFF-D66A927F8914}"
EndProject
Global
	GlobalSection(SolutionConfigurationPlatforms) = preSolution
		Debug|Any CPU = Debug|Any CPU
		Release|Any CPU = Release|Any CPU
	EndGlobalSection
	GlobalSection(ProjectConfigurationPlatforms) = postSolution
		{6917D364-94EE-40A5-BEFF-D66A927F8914}.Debug|Any CPU.ActiveCfg = Debug|Any CPU
		{6917D364-94EE-40A5-BEFF-D66A927F8914}.Debug|Any CPU.Build.0 = Debug|Any CPU
		{6917D364-94EE-40A5-BEFF-D66A927F8914}.Release|Any CPU.ActiveCfg = Release|Any CPU
		{6917D364-94EE-40A5-BEFF-D66A927F8914}.Release|Any CPU.Build.0 = Release|Any CPU
	EndGlobalSection
	GlobalSection(SolutionProperties) = preSolution
		HideSolutionNode = FALSE
	EndGlobalSection
	GlobalSection(ExtensibilityGlobals) = postSolution
		SolutionGuid = {51546480-3E4E-4B96-BADA-4397F7C61A00}
	EndGlobalSection
EndGlobal
